// !$*UTF8*$!
{
	archiveVersion = 1;
	classes = {
	};
	objectVersion = 46;
	objects = {

/* Begin PBXBuildFile section */
		15E847491C98D79C001B6BBE /* AppDelegate.swift in Sources */ = {isa = PBXBuildFile; fileRef = 15E847481C98D79C001B6BBE /* AppDelegate.swift */; };
		15E8474B1C98D79C001B6BBE /* ViewController.swift in Sources */ = {isa = PBXBuildFile; fileRef = 15E8474A1C98D79C001B6BBE /* ViewController.swift */; };
		15E8474E1C98D79C001B6BBE /* Main.storyboard in Resources */ = {isa = PBXBuildFile; fileRef = 15E8474C1C98D79C001B6BBE /* Main.storyboard */; };
		15E847501C98D79C001B6BBE /* Assets.xcassets in Resources */ = {isa = PBXBuildFile; fileRef = 15E8474F1C98D79C001B6BBE /* Assets.xcassets */; };
		15E847531C98D79C001B6BBE /* LaunchScreen.storyboard in Resources */ = {isa = PBXBuildFile; fileRef = 15E847511C98D79C001B6BBE /* LaunchScreen.storyboard */; };
		15E8475E1C98D79C001B6BBE /* myappTests.swift in Sources */ = {isa = PBXBuildFile; fileRef = 15E8475D1C98D79C001B6BBE /* myappTests.swift */; };
		15E847691C98D79C001B6BBE /* myappUITests.swift in Sources */ = {isa = PBXBuildFile; fileRef = 15E847681C98D79C001B6BBE /* myappUITests.swift */; };
/* End PBXBuildFile section */

/* Begin PBXContainerItemProxy section */
		15E8475A1C98D79C001B6BBE /* PBXContainerItemProxy */ = {
			isa = PBXContainerItemProxy;
			containerPortal = 15E8473D1C98D79C001B6BBE /* Project object */;
			proxyType = 1;
			remoteGlobalIDString = 15E847441C98D79C001B6BBE;
			remoteInfo = myapp;
		};
		15E847651C98D79C001B6BBE /* PBXContainerItemProxy */ = {
			isa = PBXContainerItemProxy;
			containerPortal = 15E8473D1C98D79C001B6BBE /* Project object */;
			proxyType = 1;
			remoteGlobalIDString = 15E847441C98D79C001B6BBE;
			remoteInfo = myapp;
		};
/* End PBXContainerItemProxy section */

/* Begin PBXFileReference section */
		15E847451C98D79C001B6BBE /* myapp.app */ = {isa = PBXFileReference; explicitFileType = wrapper.application; includeInIndex = 0; path = myapp.app; sourceTree = BUILT_PRODUCTS_DIR; };
		15E847481C98D79C001B6BBE /* AppDelegate.swift */ = {isa = PBXFileReference; lastKnownFileType = sourcecode.swift; path = AppDelegate.swift; sourceTree = "<group>"; };
		15E8474A1C98D79C001B6BBE /* ViewController.swift */ = {isa = PBXFileReference; lastKnownFileType = sourcecode.swift; path = ViewController.swift; sourceTree = "<group>"; };
		15E8474D1C98D79C001B6BBE /* Base */ = {isa = PBXFileReference; lastKnownFileType = file.storyboard; name = Base; path = Base.lproj/Main.storyboard; sourceTree = "<group>"; };
		15E8474F1C98D79C001B6BBE /* Assets.xcassets */ = {isa = PBXFileReference; lastKnownFileType = folder.assetcatalog; path = Assets.xcassets; sourceTree = "<group>"; };
		15E847521C98D79C001B6BBE /* Base */ = {isa = PBXFileReference; lastKnownFileType = file.storyboard; name = Base; path = Base.lproj/LaunchScreen.storyboard; sourceTree = "<group>"; };
		15E847541C98D79C001B6BBE /* Info.plist */ = {isa = PBXFileReference; lastKnownFileType = text.plist.xml; path = Info.plist; sourceTree = "<group>"; };
		15E847591C98D79C001B6BBE /* myappTests.xctest */ = {isa = PBXFileReference; explicitFileType = wrapper.cfbundle; includeInIndex = 0; path = myappTests.xctest; sourceTree = BUILT_PRODUCTS_DIR; };
		15E8475D1C98D79C001B6BBE /* myappTests.swift */ = {isa = PBXFileReference; lastKnownFileType = sourcecode.swift; path = myappTests.swift; sourceTree = "<group>"; };
		15E8475F1C98D79C001B6BBE /* Info.plist */ = {isa = PBXFileReference; lastKnownFileType = text.plist.xml; path = Info.plist; sourceTree = "<group>"; };
		15E847641C98D79C001B6BBE /* myappUITests.xctest */ = {isa = PBXFileReference; explicitFileType = wrapper.cfbundle; includeInIndex = 0; path = myappUITests.xctest; sourceTree = BUILT_PRODUCTS_DIR; };
		15E847681C98D79C001B6BBE /* myappUITests.swift */ = {isa = PBXFileReference; lastKnownFileType = sourcecode.swift; path = myappUITests.swift; sourceTree = "<group>"; };
		15E8476A1C98D79C001B6BBE /* Info.plist */ = {isa = PBXFileReference; lastKnownFileType = text.plist.xml; path = Info.plist; sourceTree = "<group>"; };
/* End PBXFileReference section */

/* Begin PBXFrameworksBuildPhase section */
		15E847421C98D79C001B6BBE /* Frameworks */ = {
			isa = PBXFrameworksBuildPhase;
			buildActionMask = 2147483647;
			files = (
			);
			runOnlyForDeploymentPostprocessing = 0;
		};
		15E847561C98D79C001B6BBE /* Frameworks */ = {
			isa = PBXFrameworksBuildPhase;
			buildActionMask = 2147483647;
			files = (
			);
			runOnlyForDeploymentPostprocessing = 0;
		};
		15E847611C98D79C001B6BBE /* Frameworks */ = {
			isa = PBXFrameworksBuildPhase;
			buildActionMask = 2147483647;
			files = (
			);
			runOnlyForDeploymentPostprocessing = 0;
		};
/* End PBXFrameworksBuildPhase section */

/* Begin PBXGroup section */
		15E8473C1C98D79C001B6BBE = {
			isa = PBXGroup;
			children = (
				15E847471C98D79C001B6BBE /* myapp */,
				15E8475C1C98D79C001B6BBE /* myappTests */,
				15E847671C98D79C001B6BBE /* myappUITests */,
				15E847461C98D79C001B6BBE /* Products */,
			);
			sourceTree = "<group>";
		};
		15E847461C98D79C001B6BBE /* Products */ = {
			isa = PBXGroup;
			children = (
				15E847451C98D79C001B6BBE /* myapp.app */,
				15E847591C98D79C001B6BBE /* myappTests.xctest */,
				15E847641C98D79C001B6BBE /* myappUITests.xctest */,
			);
			name = Products;
			sourceTree = "<group>";
		};
		15E847471C98D79C001B6BBE /* myapp */ = {
			isa = PBXGroup;
			children = (
				15E847761C98D838001B6BBE /* My Group */,
				15E8474C1C98D79C001B6BBE /* Main.storyboard */,
				15E8474F1C98D79C001B6BBE /* Assets.xcassets */,
				15E847511C98D79C001B6BBE /* LaunchScreen.storyboard */,
				15E847541C98D79C001B6BBE /* Info.plist */,
			);
			path = myapp;
			sourceTree = "<group>";
		};
		15E8475C1C98D79C001B6BBE /* myappTests */ = {
			isa = PBXGroup;
			children = (
				15E8475D1C98D79C001B6BBE /* myappTests.swift */,
				15E8475F1C98D79C001B6BBE /* Info.plist */,
			);
			path = myappTests;
			sourceTree = "<group>";
		};
		15E847671C98D79C001B6BBE /* myappUITests */ = {
			isa = PBXGroup;
			children = (
				15E847681C98D79C001B6BBE /* myappUITests.swift */,
				15E8476A1C98D79C001B6BBE /* Info.plist */,
			);
			path = myappUITests;
			sourceTree = "<group>";
		};
		15E847761C98D838001B6BBE /* My Group */ = {
			isa = PBXGroup;
			children = (
				15E847481C98D79C001B6BBE /* AppDelegate.swift */,
				15E8474A1C98D79C001B6BBE /* ViewController.swift */,
			);
			name = "My Group";
			sourceTree = "<group>";
		};
/* End PBXGroup section */

/* Begin PBXNativeTarget section */
		15E847441C98D79C001B6BBE /* myapp */ = {
			isa = PBXNativeTarget;
			buildConfigurationList = 15E8476D1C98D79C001B6BBE /* Build configuration list for PBXNativeTarget "myapp" */;
			buildPhases = (
				15E847411C98D79C001B6BBE /* Sources */,
				15E847421C98D79C001B6BBE /* Frameworks */,
				15E847431C98D79C001B6BBE /* Resources */,
			);
			buildRules = (
			);
			dependencies = (
			);
			name = myapp;
			productName = myapp;
			productReference = 15E847451C98D79C001B6BBE /* myapp.app */;
			productType = "com.apple.product-type.application";
		};
		15E847581C98D79C001B6BBE /* myappTests */ = {
			isa = PBXNativeTarget;
			buildConfigurationList = 15E847701C98D79C001B6BBE /* Build configuration list for PBXNativeTarget "myappTests" */;
			buildPhases = (
				15E847551C98D79C001B6BBE /* Sources */,
				15E847561C98D79C001B6BBE /* Frameworks */,
				15E847571C98D79C001B6BBE /* Resources */,
			);
			buildRules = (
			);
			dependencies = (
				15E8475B1C98D79C001B6BBE /* PBXTargetDependency */,
			);
			name = myappTests;
			productName = myappTests;
			productReference = 15E847591C98D79C001B6BBE /* myappTests.xctest */;
			productType = "com.apple.product-type.bundle.unit-test";
		};
		15E847631C98D79C001B6BBE /* myappUITests */ = {
			isa = PBXNativeTarget;
			buildConfigurationList = 15E847731C98D79C001B6BBE /* Build configuration list for PBXNativeTarget "myappUITests" */;
			buildPhases = (
				15E847601C98D79C001B6BBE /* Sources */,
				15E847611C98D79C001B6BBE /* Frameworks */,
				15E847621C98D79C001B6BBE /* Resources */,
			);
			buildRules = (
			);
			dependencies = (
				15E847661C98D79C001B6BBE /* PBXTargetDependency */,
			);
			name = myappUITests;
			productName = myappUITests;
			productReference = 15E847641C98D79C001B6BBE /* myappUITests.xctest */;
			productType = "com.apple.product-type.bundle.ui-testing";
		};
/* End PBXNativeTarget section */

/* Begin PBXProject section */
		15E8473D1C98D79C001B6BBE /* Project object */ = {
			isa = PBXProject;
			attributes = {
				LastSwiftUpdateCheck = 0720;
				LastUpgradeCheck = 0720;
				ORGANIZATIONNAME = "Thang Nguyen";
				TargetAttributes = {
					15E847441C98D79C001B6BBE = {
						CreatedOnToolsVersion = 7.2;
					};
					15E847581C98D79C001B6BBE = {
						CreatedOnToolsVersion = 7.2;
						TestTargetID = 15E847441C98D79C001B6BBE;
					};
					15E847631C98D79C001B6BBE = {
						CreatedOnToolsVersion = 7.2;
						TestTargetID = 15E847441C98D79C001B6BBE;
					};
				};
			};
			buildConfigurationList = 15E847401C98D79C001B6BBE /* Build configuration list for PBXProject "myapp" */;
			compatibilityVersion = "Xcode 3.2";
			developmentRegion = English;
			hasScannedForEncodings = 0;
			knownRegions = (
				en,
				Base,
			);
			mainGroup = 15E8473C1C98D79C001B6BBE;
			productRefGroup = 15E847461C98D79C001B6BBE /* Products */;
			projectDirPath = "";
			projectRoot = "";
			targets = (
				15E847441C98D79C001B6BBE /* myapp */,
				15E847581C98D79C001B6BBE /* myappTests */,
				15E847631C98D79C001B6BBE /* myappUITests */,
			);
		};
/* End PBXProject section */

/* Begin PBXResourcesBuildPhase section */
		15E847431C98D79C001B6BBE /* Resources */ = {
			isa = PBXResourcesBuildPhase;
			buildActionMask = 2147483647;
			files = (
				15E847531C98D79C001B6BBE /* LaunchScreen.storyboard in Resources */,
				15E847501C98D79C001B6BBE /* Assets.xcassets in Resources */,
				15E8474E1C98D79C001B6BBE /* Main.storyboard in Resources */,
			);
			runOnlyForDeploymentPostprocessing = 0;
		};
		15E847571C98D79C001B6BBE /* Resources */ = {
			isa = PBXResourcesBuildPhase;
			buildActionMask = 2147483647;
			files = (
			);
			runOnlyForDeploymentPostprocessing = 0;
		};
		15E847621C98D79C001B6BBE /* Resources */ = {
			isa = PBXResourcesBuildPhase;
			buildActionMask = 2147483647;
			files = (
			);
			runOnlyForDeploymentPostprocessing = 0;
		};
/* End PBXResourcesBuildPhase section */

/* Begin PBXSourcesBuildPhase section */
		15E847411C98D79C001B6BBE /* Sources */ = {
			isa = PBXSourcesBuildPhase;
			buildActionMask = 2147483647;
			files = (
				15E8474B1C98D79C001B6BBE /* ViewController.swift in Sources */,
				15E847491C98D79C001B6BBE /* AppDelegate.swift in Sources */,
			);
			runOnlyForDeploymentPostprocessing = 0;
		};
		15E847551C98D79C001B6BBE /* Sources */ = {
			isa = PBXSourcesBuildPhase;
			buildActionMask = 2147483647;
			files = (
				15E8475E1C98D79C001B6BBE /* myappTests.swift in Sources */,
			);
			runOnlyForDeploymentPostprocessing = 0;
		};
		15E847601C98D79C001B6BBE /* Sources */ = {
			isa = PBXSourcesBuildPhase;
			buildActionMask = 2147483647;
			files = (
				15E847691C98D79C001B6BBE /* myappUITests.swift in Sources */,
			);
			runOnlyForDeploymentPostprocessing = 0;
		};
/* End PBXSourcesBuildPhase section */

/* Begin PBXTargetDependency section */
		15E8475B1C98D79C001B6BBE /* PBXTargetDependency */ = {
			isa = PBXTargetDependency;
			target = 15E847441C98D79C001B6BBE /* myapp */;
			targetProxy = 15E8475A1C98D79C001B6BBE /* PBXContainerItemProxy */;
		};
		15E847661C98D79C001B6BBE /* PBXTargetDependency */ = {
			isa = PBXTargetDependency;
			target = 15E847441C98D79C001B6BBE /* myapp */;
			targetProxy = 15E847651C98D79C001B6BBE /* PBXContainerItemProxy */;
		};
/* End PBXTargetDependency section */

/* Begin PBXVariantGroup section */
		15E8474C1C98D79C001B6BBE /* Main.storyboard */ = {
			isa = PBXVariantGroup;
			children = (
				15E8474D1C98D79C001B6BBE /* Base */,
			);
			name = Main.storyboard;
			sourceTree = "<group>";
		};
		15E847511C98D79C001B6BBE /* LaunchScreen.storyboard */ = {
			isa = PBXVariantGroup;
			children = (
				15E847521C98D79C001B6BBE /* Base */,
			);
			name = LaunchScreen.storyboard;
			sourceTree = "<group>";
		};
/* End PBXVariantGroup section */

/* Begin XCBuildConfiguration section */
		15E8476B1C98D79C001B6BBE /* Debug */ = {
			isa = XCBuildConfiguration;
			buildSettings = {
				ALWAYS_SEARCH_USER_PATHS = NO;
				CLANG_CXX_LANGUAGE_STANDARD = "gnu++0x";
				CLANG_CXX_LIBRARY = "libc++";
				CLANG_ENABLE_MODULES = YES;
				CLANG_ENABLE_OBJC_ARC = YES;
				CLANG_WARN_BOOL_CONVERSION = YES;
				CLANG_WARN_CONSTANT_CONVERSION = YES;
				CLANG_WARN_DIRECT_OBJC_ISA_USAGE = YES_ERROR;
				CLANG_WARN_EMPTY_BODY = YES;
				CLANG_WARN_ENUM_CONVERSION = YES;
				CLANG_WARN_INT_CONVERSION = YES;
				CLANG_WARN_OBJC_ROOT_CLASS = YES_ERROR;
				CLANG_WARN_UNREACHABLE_CODE = YES;
				CLANG_WARN__DUPLICATE_METHOD_MATCH = YES;
				"CODE_SIGN_IDENTITY[sdk=iphoneos*]" = "iPhone Developer";
				COPY_PHASE_STRIP = NO;
				DEBUG_INFORMATION_FORMAT = dwarf;
				ENABLE_STRICT_OBJC_MSGSEND = YES;
				ENABLE_TESTABILITY = YES;
				GCC_C_LANGUAGE_STANDARD = gnu99;
				GCC_DYNAMIC_NO_PIC = NO;
				GCC_NO_COMMON_BLOCKS = YES;
				GCC_OPTIMIZATION_LEVEL = 0;
				GCC_PREPROCESSOR_DEFINITIONS = (
					"DEBUG=1",
					"$(inherited)",
				);
				GCC_WARN_64_TO_32_BIT_CONVERSION = YES;
				GCC_WARN_ABOUT_RETURN_TYPE = YES_ERROR;
				GCC_WARN_UNDECLARED_SELECTOR = YES;
				GCC_WARN_UNINITIALIZED_AUTOS = YES_AGGRESSIVE;
				GCC_WARN_UNUSED_FUNCTION = YES;
				GCC_WARN_UNUSED_VARIABLE = YES;
				IPHONEOS_DEPLOYMENT_TARGET = 9.2;
				MTL_ENABLE_DEBUG_INFO = YES;
				ONLY_ACTIVE_ARCH = YES;
				SDKROOT = iphoneos;
				SWIFT_OPTIMIZATION_LEVEL = "-Onone";
			};
			name = Debug;
		};
		15E8476C1C98D79C001B6BBE /* Release */ = {
			isa = XCBuildConfiguration;
			buildSettings = {
				ALWAYS_SEARCH_USER_PATHS = NO;
				CLANG_CXX_LANGUAGE_STANDARD = "gnu++0x";
				CLANG_CXX_LIBRARY = "libc++";
				CLANG_ENABLE_MODULES = YES;
				CLANG_ENABLE_OBJC_ARC = YES;
				CLANG_WARN_BOOL_CONVERSION = YES;
				CLANG_WARN_CONSTANT_CONVERSION = YES;
				CLANG_WARN_DIRECT_OBJC_ISA_USAGE = YES_ERROR;
				CLANG_WARN_EMPTY_BODY = YES;
				CLANG_WARN_ENUM_CONVERSION = YES;
				CLANG_WARN_INT_CONVERSION = YES;
				CLANG_WARN_OBJC_ROOT_CLASS = YES_ERROR;
				CLANG_WARN_UNREACHABLE_CODE = YES;
				CLANG_WARN__DUPLICATE_METHOD_MATCH = YES;
				"CODE_SIGN_IDENTITY[sdk=iphoneos*]" = "iPhone Developer";
				COPY_PHASE_STRIP = NO;
				DEBUG_INFORMATION_FORMAT = "dwarf-with-dsym";
				ENABLE_NS_ASSERTIONS = NO;
				ENABLE_STRICT_OBJC_MSGSEND = YES;
				GCC_C_LANGUAGE_STANDARD = gnu99;
				GCC_NO_COMMON_BLOCKS = YES;
				GCC_WARN_64_TO_32_BIT_CONVERSION = YES;
				GCC_WARN_ABOUT_RETURN_TYPE = YES_ERROR;
				GCC_WARN_UNDECLARED_SELECTOR = YES;
				GCC_WARN_UNINITIALIZED_AUTOS = YES_AGGRESSIVE;
				GCC_WARN_UNUSED_FUNCTION = YES;
				GCC_WARN_UNUSED_VARIABLE = YES;
				IPHONEOS_DEPLOYMENT_TARGET = 9.2;
				MTL_ENABLE_DEBUG_INFO = NO;
				SDKROOT = iphoneos;
				VALIDATE_PRODUCT = YES;
			};
			name = Release;
		};
		15E8476E1C98D79C001B6BBE /* Debug */ = {
			isa = XCBuildConfiguration;
			buildSettings = {
				ASSETCATALOG_COMPILER_APPICON_NAME = AppIcon;
				INFOPLIST_FILE = myapp/Info.plist;
				LD_RUNPATH_SEARCH_PATHS = "$(inherited) @executable_path/Frameworks";
				PRODUCT_BUNDLE_IDENTIFIER = com.redcrayon.myapp;
				PRODUCT_NAME = "$(TARGET_NAME)";
			};
			name = Debug;
		};
		15E8476F1C98D79C001B6BBE /* Release */ = {
			isa = XCBuildConfiguration;
			buildSettings = {
				ASSETCATALOG_COMPILER_APPICON_NAME = AppIcon;
				INFOPLIST_FILE = myapp/Info.plist;
				LD_RUNPATH_SEARCH_PATHS = "$(inherited) @executable_path/Frameworks";
				PRODUCT_BUNDLE_IDENTIFIER = com.redcrayon.myapp;
				PRODUCT_NAME = "$(TARGET_NAME)";
			};
			name = Release;
		};
		15E847711C98D79C001B6BBE /* Debug */ = {
			isa = XCBuildConfiguration;
			buildSettings = {
				BUNDLE_LOADER = "$(TEST_HOST)";
				INFOPLIST_FILE = myappTests/Info.plist;
				LD_RUNPATH_SEARCH_PATHS = "$(inherited) @executable_path/Frameworks @loader_path/Frameworks";
				PRODUCT_BUNDLE_IDENTIFIER = com.redcrayon.myappTests;
				PRODUCT_NAME = "$(TARGET_NAME)";
				TEST_HOST = "$(BUILT_PRODUCTS_DIR)/myapp.app/myapp";
			};
			name = Debug;
		};
		15E847721C98D79C001B6BBE /* Release */ = {
			isa = XCBuildConfiguration;
			buildSettings = {
				BUNDLE_LOADER = "$(TEST_HOST)";
				INFOPLIST_FILE = myappTests/Info.plist;
				LD_RUNPATH_SEARCH_PATHS = "$(inherited) @executable_path/Frameworks @loader_path/Frameworks";
				PRODUCT_BUNDLE_IDENTIFIER = com.redcrayon.myappTests;
				PRODUCT_NAME = "$(TARGET_NAME)";
				TEST_HOST = "$(BUILT_PRODUCTS_DIR)/myapp.app/myapp";
			};
			name = Release;
		};
		15E847741C98D79C001B6BBE /* Debug */ = {
			isa = XCBuildConfiguration;
			buildSettings = {
				INFOPLIST_FILE = myappUITests/Info.plist;
				LD_RUNPATH_SEARCH_PATHS = "$(inherited) @executable_path/Frameworks @loader_path/Frameworks";
				PRODUCT_BUNDLE_IDENTIFIER = com.redcrayon.myappUITests;
				PRODUCT_NAME = "$(TARGET_NAME)";
				TEST_TARGET_NAME = myapp;
				USES_XCTRUNNER = YES;
			};
			name = Debug;
		};
		15E847751C98D79C001B6BBE /* Release */ = {
			isa = XCBuildConfiguration;
			buildSettings = {
				INFOPLIST_FILE = myappUITests/Info.plist;
				LD_RUNPATH_SEARCH_PATHS = "$(inherited) @executable_path/Frameworks @loader_path/Frameworks";
				PRODUCT_BUNDLE_IDENTIFIER = com.redcrayon.myappUITests;
				PRODUCT_NAME = "$(TARGET_NAME)";
				TEST_TARGET_NAME = myapp;
				USES_XCTRUNNER = YES;
			};
			name = Release;
		};
/* End XCBuildConfiguration section */

/* Begin XCConfigurationList section */
		15E847401C98D79C001B6BBE /* Build configuration list for PBXProject "myapp" */ = {
			isa = XCConfigurationList;
			buildConfigurations = (
				15E8476B1C98D79C001B6BBE /* Debug */,
				15E8476C1C98D79C001B6BBE /* Release */,
			);
			defaultConfigurationIsVisible = 0;
			defaultConfigurationName = Release;
		};
		15E8476D1C98D79C001B6BBE /* Build configuration list for PBXNativeTarget "myapp" */ = {
			isa = XCConfigurationList;
			buildConfigurations = (
				15E8476E1C98D79C001B6BBE /* Debug */,
				15E8476F1C98D79C001B6BBE /* Release */,
			);
			defaultConfigurationIsVisible = 0;
		};
		15E847701C98D79C001B6BBE /* Build configuration list for PBXNativeTarget "myappTests" */ = {
			isa = XCConfigurationList;
			buildConfigurations = (
				15E847711C98D79C001B6BBE /* Debug */,
				15E847721C98D79C001B6BBE /* Release */,
			);
			defaultConfigurationIsVisible = 0;
		};
		15E847731C98D79C001B6BBE /* Build configuration list for PBXNativeTarget "myappUITests" */ = {
			isa = XCConfigurationList;
			buildConfigurations = (
				15E847741C98D79C001B6BBE /* Debug */,
				15E847751C98D79C001B6BBE /* Release */,
			);
			defaultConfigurationIsVisible = 0;
		};
/* End XCConfigurationList section */
	};
	rootObject = 15E8473D1C98D79C001B6BBE /* Project object */;
}
